
Microsoft Visual Studio Solution File, Format Version 12.00
# Visual Studio Version 17
VisualStudioVersion = 17.4.33213.308
MinimumVisualStudioVersion = 10.0.40219.1
Project("{FAE04EC0-301F-11D3-BF4B-00C04F79EFBC}") = "Zacks Outlining Tool", "Zacks Outlining Tool\Zacks Outlining Tool.csproj", "{239097AA-47F5-49CC-B489-DB5C4C71C3C6}"
EndProject
Global
	GlobalSection(SolutionConfigurationPlatforms) = preSolution
		Debug|Any CPU = Debug|Any CPU
		Release|Any CPU = Release|Any CPU
	EndGlobalSection
	GlobalSection(ProjectConfigurationPlatforms) = postSolution
		{239097AA-47F5-49CC-B489-DB5C4C71C3C6}.Debug|Any CPU.ActiveCfg = Debug|Any CPU
		{239097AA-47F5-49CC-B489-DB5C4C71C3C6}.Debug|Any CPU.Build.0 = Debug|Any CPU
		{239097AA-47F5-49CC-B489-DB5C4C71C3C6}.Release|Any CPU.ActiveCfg = Release|Any CPU
		{239097AA-47F5-49CC-B489-DB5C4C71C3C6}.Release|Any CPU.Build.0 = Release|Any CPU
	EndGlobalSection
	GlobalSection(SolutionProperties) = preSolution
		HideSolutionNode = FALSE
	EndGlobalSection
	GlobalSection(ExtensibilityGlobals) = postSolution
		SolutionGuid = {171C779D-8E48-4568-A077-594A1BF1F3CA}
	EndGlobalSection
EndGlobal
